
Microsoft Visual Studio Solution File, Format Version 12.00
# Visual Studio Version 16
VisualStudioVersion = 16.0.30406.217
MinimumVisualStudioVersion = 10.0.40219.1
Project("{FAE04EC0-301F-11D3-BF4B-00C04F79EFBC}") = "Program 2", "Program 2\Program 2.csproj", "{CF74691C-2EC0-4C45-9B7E-AA365D9DA4C5}"
EndProject
Global
	GlobalSection(SolutionConfigurationPlatforms) = preSolution
		Debug|Any CPU = Debug|Any CPU
		Release|Any CPU = Release|Any CPU
	EndGlobalSection
	GlobalSection(ProjectConfigurationPlatforms) = postSolution
		{CF74691C-2EC0-4C45-9B7E-AA365D9DA4C5}.Debug|Any CPU.ActiveCfg = Debug|Any CPU
		{CF74691C-2EC0-4C45-9B7E-AA365D9DA4C5}.Debug|Any CPU.Build.0 = Debug|Any CPU
		{CF74691C-2EC0-4C45-9B7E-AA365D9DA4C5}.Release|Any CPU.ActiveCfg = Release|Any CPU
		{CF74691C-2EC0-4C45-9B7E-AA365D9DA4C5}.Release|Any CPU.Build.0 = Release|Any CPU
	EndGlobalSection
	GlobalSection(SolutionProperties) = preSolution
		HideSolutionNode = FALSE
	EndGlobalSection
	GlobalSection(ExtensibilityGlobals) = postSolution
		SolutionGuid = {479C1254-2065-4A64-AFF7-3D731B4033CB}
	EndGlobalSection
EndGlobal
