
Microsoft Visual Studio Solution File, Format Version 12.00
# Visual Studio Version 16
VisualStudioVersion = 16.0.30406.217
MinimumVisualStudioVersion = 10.0.40219.1
Project("{FAE04EC0-301F-11D3-BF4B-00C04F79EFBC}") = "Lab1", "Lab1\Lab1.csproj", "{0D496992-DBB8-449B-9D76-D2DA9D1873F5}"
EndProject
Global
	GlobalSection(SolutionConfigurationPlatforms) = preSolution
		Debug|Any CPU = Debug|Any CPU
		Release|Any CPU = Release|Any CPU
	EndGlobalSection
	GlobalSection(ProjectConfigurationPlatforms) = postSolution
		{0D496992-DBB8-449B-9D76-D2DA9D1873F5}.Debug|Any CPU.ActiveCfg = Debug|Any CPU
		{0D496992-DBB8-449B-9D76-D2DA9D1873F5}.Debug|Any CPU.Build.0 = Debug|Any CPU
		{0D496992-DBB8-449B-9D76-D2DA9D1873F5}.Release|Any CPU.ActiveCfg = Release|Any CPU
		{0D496992-DBB8-449B-9D76-D2DA9D1873F5}.Release|Any CPU.Build.0 = Release|Any CPU
	EndGlobalSection
	GlobalSection(SolutionProperties) = preSolution
		HideSolutionNode = FALSE
	EndGlobalSection
	GlobalSection(ExtensibilityGlobals) = postSolution
		SolutionGuid = {45369794-D94F-4644-8FCD-9A942F826A4A}
	EndGlobalSection
EndGlobal
