
Microsoft Visual Studio Solution File, Format Version 12.00
# Visual Studio Version 16
VisualStudioVersion = 16.0.30406.217
MinimumVisualStudioVersion = 10.0.40219.1
Project("{FAE04EC0-301F-11D3-BF4B-00C04F79EFBC}") = "Lab6", "Lab6\Lab6.csproj", "{3D884F4E-E6FD-48B6-B319-E0A3308F8509}"
EndProject
Global
	GlobalSection(SolutionConfigurationPlatforms) = preSolution
		Debug|Any CPU = Debug|Any CPU
		Release|Any CPU = Release|Any CPU
	EndGlobalSection
	GlobalSection(ProjectConfigurationPlatforms) = postSolution
		{3D884F4E-E6FD-48B6-B319-E0A3308F8509}.Debug|Any CPU.ActiveCfg = Debug|Any CPU
		{3D884F4E-E6FD-48B6-B319-E0A3308F8509}.Debug|Any CPU.Build.0 = Debug|Any CPU
		{3D884F4E-E6FD-48B6-B319-E0A3308F8509}.Release|Any CPU.ActiveCfg = Release|Any CPU
		{3D884F4E-E6FD-48B6-B319-E0A3308F8509}.Release|Any CPU.Build.0 = Release|Any CPU
	EndGlobalSection
	GlobalSection(SolutionProperties) = preSolution
		HideSolutionNode = FALSE
	EndGlobalSection
	GlobalSection(ExtensibilityGlobals) = postSolution
		SolutionGuid = {D0F38B92-04FF-43B8-B251-B8C58FB8C306}
	EndGlobalSection
EndGlobal
